
Microsoft Visual Studio Solution File, Format Version 12.00
# Visual Studio Version 17
VisualStudioVersion = 17.1.32328.378
MinimumVisualStudioVersion = 10.0.40219.1
Project("{9A19103F-16F7-4668-BE54-9A1E7A4F7556}") = "Comprehensive.gRPC", "Comprehensive.gRPC\Comprehensive.gRPC.csproj", "{D11E8822-0BF6-411A-8ACC-5CC939C50530}"
EndProject
Project("{9A19103F-16F7-4668-BE54-9A1E7A4F7556}") = "Comprehensive.Web", "Comprehensive.Web\Comprehensive.Web.csproj", "{43090B2B-541E-4409-BE5F-CA2F89D43CEC}"
EndProject
Project("{9A19103F-16F7-4668-BE54-9A1E7A4F7556}") = "Comprehensive.Services", "Comprehensive.Services\Comprehensive.Services.csproj", "{34B42ECF-5103-4CFD-9B66-8DC77EF6792A}"
EndProject
Project("{9A19103F-16F7-4668-BE54-9A1E7A4F7556}") = "Comprehensive.Entities", "Comprehensive.Entities\Comprehensive.Entities.csproj", "{883CDF8A-ECC0-4FD9-AC85-E361E9AB461F}"
EndProject
Project("{9A19103F-16F7-4668-BE54-9A1E7A4F7556}") = "Comprehensive.Repository", "Comprehensive.Repository\Comprehensive.Repository.csproj", "{5EC95A72-034F-48DF-81F7-AC2AFAC5BA6D}"
EndProject
Project("{FAE04EC0-301F-11D3-BF4B-00C04F79EFBC}") = "Comprehensive.Utilities", "Comprehensive.Utilities\Comprehensive.Utilities.csproj", "{3194B973-3C0A-4DDB-9628-F347A4CD6878}"
EndProject
Project("{FAE04EC0-301F-11D3-BF4B-00C04F79EFBC}") = "Comprehensive.Logs", "Comprehensive.Logs\Comprehensive.Logs.csproj", "{953F78D1-754E-4EE8-9094-5402C333F664}"
EndProject
Global
	GlobalSection(SolutionConfigurationPlatforms) = preSolution
		Debug|Any CPU = Debug|Any CPU
		Release|Any CPU = Release|Any CPU
	EndGlobalSection
	GlobalSection(ProjectConfigurationPlatforms) = postSolution
		{D11E8822-0BF6-411A-8ACC-5CC939C50530}.Debug|Any CPU.ActiveCfg = Debug|Any CPU
		{D11E8822-0BF6-411A-8ACC-5CC939C50530}.Debug|Any CPU.Build.0 = Debug|Any CPU
		{D11E8822-0BF6-411A-8ACC-5CC939C50530}.Release|Any CPU.ActiveCfg = Release|Any CPU
		{D11E8822-0BF6-411A-8ACC-5CC939C50530}.Release|Any CPU.Build.0 = Release|Any CPU
		{43090B2B-541E-4409-BE5F-CA2F89D43CEC}.Debug|Any CPU.ActiveCfg = Debug|Any CPU
		{43090B2B-541E-4409-BE5F-CA2F89D43CEC}.Debug|Any CPU.Build.0 = Debug|Any CPU
		{43090B2B-541E-4409-BE5F-CA2F89D43CEC}.Release|Any CPU.ActiveCfg = Release|Any CPU
		{43090B2B-541E-4409-BE5F-CA2F89D43CEC}.Release|Any CPU.Build.0 = Release|Any CPU
		{34B42ECF-5103-4CFD-9B66-8DC77EF6792A}.Debug|Any CPU.ActiveCfg = Debug|Any CPU
		{34B42ECF-5103-4CFD-9B66-8DC77EF6792A}.Debug|Any CPU.Build.0 = Debug|Any CPU
		{34B42ECF-5103-4CFD-9B66-8DC77EF6792A}.Release|Any CPU.ActiveCfg = Release|Any CPU
		{34B42ECF-5103-4CFD-9B66-8DC77EF6792A}.Release|Any CPU.Build.0 = Release|Any CPU
		{883CDF8A-ECC0-4FD9-AC85-E361E9AB461F}.Debug|Any CPU.ActiveCfg = Debug|Any CPU
		{883CDF8A-ECC0-4FD9-AC85-E361E9AB461F}.Debug|Any CPU.Build.0 = Debug|Any CPU
		{883CDF8A-ECC0-4FD9-AC85-E361E9AB461F}.Release|Any CPU.ActiveCfg = Release|Any CPU
		{883CDF8A-ECC0-4FD9-AC85-E361E9AB461F}.Release|Any CPU.Build.0 = Release|Any CPU
		{5EC95A72-034F-48DF-81F7-AC2AFAC5BA6D}.Debug|Any CPU.ActiveCfg = Debug|Any CPU
		{5EC95A72-034F-48DF-81F7-AC2AFAC5BA6D}.Debug|Any CPU.Build.0 = Debug|Any CPU
		{5EC95A72-034F-48DF-81F7-AC2AFAC5BA6D}.Release|Any CPU.ActiveCfg = Release|Any CPU
		{5EC95A72-034F-48DF-81F7-AC2AFAC5BA6D}.Release|Any CPU.Build.0 = Release|Any CPU
		{3194B973-3C0A-4DDB-9628-F347A4CD6878}.Debug|Any CPU.ActiveCfg = Debug|Any CPU
		{3194B973-3C0A-4DDB-9628-F347A4CD6878}.Debug|Any CPU.Build.0 = Debug|Any CPU
		{3194B973-3C0A-4DDB-9628-F347A4CD6878}.Release|Any CPU.ActiveCfg = Release|Any CPU
		{3194B973-3C0A-4DDB-9628-F347A4CD6878}.Release|Any CPU.Build.0 = Release|Any CPU
		{953F78D1-754E-4EE8-9094-5402C333F664}.Debug|Any CPU.ActiveCfg = Debug|Any CPU
		{953F78D1-754E-4EE8-9094-5402C333F664}.Debug|Any CPU.Build.0 = Debug|Any CPU
		{953F78D1-754E-4EE8-9094-5402C333F664}.Release|Any CPU.ActiveCfg = Release|Any CPU
		{953F78D1-754E-4EE8-9094-5402C333F664}.Release|Any CPU.Build.0 = Release|Any CPU
	EndGlobalSection
	GlobalSection(SolutionProperties) = preSolution
		HideSolutionNode = FALSE
	EndGlobalSection
	GlobalSection(ExtensibilityGlobals) = postSolution
		SolutionGuid = {C7939464-0B14-4D28-A356-0A1CE15778DF}
	EndGlobalSection
EndGlobal
